// !$*UTF8*$!
{
	archiveVersion = 1;
	classes = {
	};
	objectVersion = 46;
	objects = {

/* Begin PBXBuildFile section */
		87AF2EFC1EBC389200B57118 /* AppDelegate.swift in Sources */ = {isa = PBXBuildFile; fileRef = 87AF2EFB1EBC389200B57118 /* AppDelegate.swift */; };
		87AF2EFE1EBC389200B57118 /* ViewController.swift in Sources */ = {isa = PBXBuildFile; fileRef = 87AF2EFD1EBC389200B57118 /* ViewController.swift */; };
		87AF2F011EBC389200B57118 /* Main.storyboard in Resources */ = {isa = PBXBuildFile; fileRef = 87AF2EFF1EBC389200B57118 /* Main.storyboard */; };
		87AF2F031EBC389200B57118 /* Assets.xcassets in Resources */ = {isa = PBXBuildFile; fileRef = 87AF2F021EBC389200B57118 /* Assets.xcassets */; };
		87AF2F061EBC389200B57118 /* LaunchScreen.storyboard in Resources */ = {isa = PBXBuildFile; fileRef = 87AF2F041EBC389200B57118 /* LaunchScreen.storyboard */; };
/* End PBXBuildFile section */

/* Begin PBXFileReference section */
		87AF2EF81EBC389200B57118 /* autoLayout2.app */ = {isa = PBXFileReference; explicitFileType = wrapper.application; includeInIndex = 0; path = autoLayout2.app; sourceTree = BUILT_PRODUCTS_DIR; };
		87AF2EFB1EBC389200B57118 /* AppDelegate.swift */ = {isa = PBXFileReference; lastKnownFileType = sourcecode.swift; path = AppDelegate.swift; sourceTree = "<group>"; };
		87AF2EFD1EBC389200B57118 /* ViewController.swift */ = {isa = PBXFileReference; lastKnownFileType = sourcecode.swift; path = ViewController.swift; sourceTree = "<group>"; };
		87AF2F001EBC389200B57118 /* Base */ = {isa = PBXFileReference; lastKnownFileType = file.storyboard; name = Base; path = Base.lproj/Main.storyboard; sourceTree = "<group>"; };
		87AF2F021EBC389200B57118 /* Assets.xcassets */ = {isa = PBXFileReference; lastKnownFileType = folder.assetcatalog; path = Assets.xcassets; sourceTree = "<group>"; };
		87AF2F051EBC389200B57118 /* Base */ = {isa = PBXFileReference; lastKnownFileType = file.storyboard; name = Base; path = Base.lproj/LaunchScreen.storyboard; sourceTree = "<group>"; };
		87AF2F071EBC389200B57118 /* Info.plist */ = {isa = PBXFileReference; lastKnownFileType = text.plist.xml; path = Info.plist; sourceTree = "<group>"; };
/* End PBXFileReference section */

/* Begin PBXFrameworksBuildPhase section */
		87AF2EF51EBC389200B57118 /* Frameworks */ = {
			isa = PBXFrameworksBuildPhase;
			buildActionMask = 2147483647;
			files = (
			);
			runOnlyForDeploymentPostprocessing = 0;
		};
/* End PBXFrameworksBuildPhase section */

/* Begin PBXGroup section */
		87AF2EEF1EBC389200B57118 = {
			isa = PBXGroup;
			children = (
				87AF2EFA1EBC389200B57118 /* autoLayout2 */,
				87AF2EF91EBC389200B57118 /* Products */,
			);
			sourceTree = "<group>";
		};
		87AF2EF91EBC389200B57118 /* Products */ = {
			isa = PBXGroup;
			children = (
				87AF2EF81EBC389200B57118 /* autoLayout2.app */,
			);
			name = Products;
			sourceTree = "<group>";
		};
		87AF2EFA1EBC389200B57118 /* autoLayout2 */ = {
			isa = PBXGroup;
			children = (
				87AF2EFB1EBC389200B57118 /* AppDelegate.swift */,
				87AF2EFD1EBC389200B57118 /* ViewController.swift */,
				87AF2EFF1EBC389200B57118 /* Main.storyboard */,
				87AF2F021EBC389200B57118 /* Assets.xcassets */,
				87AF2F041EBC389200B57118 /* LaunchScreen.storyboard */,
				87AF2F071EBC389200B57118 /* Info.plist */,
			);
			path = autoLayout2;
			sourceTree = "<group>";
		};
/* End PBXGroup section */

/* Begin PBXNativeTarget section */
		87AF2EF71EBC389200B57118 /* autoLayout2 */ = {
			isa = PBXNativeTarget;
			buildConfigurationList = 87AF2F0A1EBC389200B57118 /* Build configuration list for PBXNativeTarget "autoLayout2" */;
			buildPhases = (
				87AF2EF41EBC389200B57118 /* Sources */,
				87AF2EF51EBC389200B57118 /* Frameworks */,
				87AF2EF61EBC389200B57118 /* Resources */,
			);
			buildRules = (
			);
			dependencies = (
			);
			name = autoLayout2;
			productName = autoLayout2;
			productReference = 87AF2EF81EBC389200B57118 /* autoLayout2.app */;
			productType = "com.apple.product-type.application";
		};
/* End PBXNativeTarget section */

/* Begin PBXProject section */
		87AF2EF01EBC389200B57118 /* Project object */ = {
			isa = PBXProject;
			attributes = {
				LastSwiftUpdateCheck = 0820;
				LastUpgradeCheck = 0820;
				ORGANIZATIONNAME = CodeKul;
				TargetAttributes = {
					87AF2EF71EBC389200B57118 = {
						CreatedOnToolsVersion = 8.2.1;
						ProvisioningStyle = Automatic;
					};
				};
			};
			buildConfigurationList = 87AF2EF31EBC389200B57118 /* Build configuration list for PBXProject "autoLayout2" */;
			compatibilityVersion = "Xcode 3.2";
			developmentRegion = English;
			hasScannedForEncodings = 0;
			knownRegions = (
				en,
				Base,
			);
			mainGroup = 87AF2EEF1EBC389200B57118;
			productRefGroup = 87AF2EF91EBC389200B57118 /* Products */;
			projectDirPath = "";
			projectRoot = "";
			targets = (
				87AF2EF71EBC389200B57118 /* autoLayout2 */,
			);
		};
/* End PBXProject section */

/* Begin PBXResourcesBuildPhase section */
		87AF2EF61EBC389200B57118 /* Resources */ = {
			isa = PBXResourcesBuildPhase;
			buildActionMask = 2147483647;
			files = (
				87AF2F061EBC389200B57118 /* LaunchScreen.storyboard in Resources */,
				87AF2F031EBC389200B57118 /* Assets.xcassets in Resources */,
				87AF2F011EBC389200B57118 /* Main.storyboard in Resources */,
			);
			runOnlyForDeploymentPostprocessing = 0;
		};
/* End PBXResourcesBuildPhase section */

/* Begin PBXSourcesBuildPhase section */
		87AF2EF41EBC389200B57118 /* Sources */ = {
			isa = PBXSourcesBuildPhase;
			buildActionMask = 2147483647;
			files = (
				87AF2EFE1EBC389200B57118 /* ViewController.swift in Sources */,
				87AF2EFC1EBC389200B57118 /* AppDelegate.swift in Sources */,
			);
			runOnlyForDeploymentPostprocessing = 0;
		};
/* End PBXSourcesBuildPhase section */

/* Begin PBXVariantGroup section */
		87AF2EFF1EBC389200B57118 /* Main.storyboard */ = {
			isa = PBXVariantGroup;
			children = (
				87AF2F001EBC389200B57118 /* Base */,
			);
			name = Main.storyboard;
			sourceTree = "<group>";
		};
		87AF2F041EBC389200B57118 /* LaunchScreen.storyboard */ = {
			isa = PBXVariantGroup;
			children = (
				87AF2F051EBC389200B57118 /* Base */,
			);
			name = LaunchScreen.storyboard;
			sourceTree = "<group>";
		};
/* End PBXVariantGroup section */

/* Begin XCBuildConfiguration section */
		87AF2F081EBC389200B57118 /* Debug */ = {
			isa = XCBuildConfiguration;
			buildSettings = {
				ALWAYS_SEARCH_USER_PATHS = NO;
				CLANG_ANALYZER_NONNULL = YES;
				CLANG_CXX_LANGUAGE_STANDARD = "gnu++0x";
				CLANG_CXX_LIBRARY = "libc++";
				CLANG_ENABLE_MODULES = YES;
				CLANG_ENABLE_OBJC_ARC = YES;
				CLANG_WARN_BOOL_CONVERSION = YES;
				CLANG_WARN_CONSTANT_CONVERSION = YES;
				CLANG_WARN_DIRECT_OBJC_ISA_USAGE = YES_ERROR;
				CLANG_WARN_DOCUMENTATION_COMMENTS = YES;
				CLANG_WARN_EMPTY_BODY = YES;
				CLANG_WARN_ENUM_CONVERSION = YES;
				CLANG_WARN_INFINITE_RECURSION = YES;
				CLANG_WARN_INT_CONVERSION = YES;
				CLANG_WARN_OBJC_ROOT_CLASS = YES_ERROR;
				CLANG_WARN_SUSPICIOUS_MOVE = YES;
				CLANG_WARN_UNREACHABLE_CODE = YES;
				CLANG_WARN__DUPLICATE_METHOD_MATCH = YES;
				"CODE_SIGN_IDENTITY[sdk=iphoneos*]" = "iPhone Developer";
				COPY_PHASE_STRIP = NO;
				DEBUG_INFORMATION_FORMAT = dwarf;
				ENABLE_STRICT_OBJC_MSGSEND = YES;
				ENABLE_TESTABILITY = YES;
				GCC_C_LANGUAGE_STANDARD = gnu99;
				GCC_DYNAMIC_NO_PIC = NO;
				GCC_NO_COMMON_BLOCKS = YES;
				GCC_OPTIMIZATION_LEVEL = 0;
				GCC_PREPROCESSOR_DEFINITIONS = (
					"DEBUG=1",
					"$(inherited)",
				);
				GCC_WARN_64_TO_32_BIT_CONVERSION = YES;
				GCC_WARN_ABOUT_RETURN_TYPE = YES_ERROR;
				GCC_WARN_UNDECLARED_SELECTOR = YES;
				GCC_WARN_UNINITIALIZED_AUTOS = YES_AGGRESSIVE;
				GCC_WARN_UNUSED_FUNCTION = YES;
				GCC_WARN_UNUSED_VARIABLE = YES;
				IPHONEOS_DEPLOYMENT_TARGET = 10.2;
				MTL_ENABLE_DEBUG_INFO = YES;
				ONLY_ACTIVE_ARCH = YES;
				SDKROOT = iphoneos;
				SWIFT_ACTIVE_COMPILATION_CONDITIONS = DEBUG;
				SWIFT_OPTIMIZATION_LEVEL = "-Onone";
			};
			name = Debug;
		};
		87AF2F091EBC389200B57118 /* Release */ = {
			isa = XCBuildConfiguration;
			buildSettings = {
				ALWAYS_SEARCH_USER_PATHS = NO;
				CLANG_ANALYZER_NONNULL = YES;
				CLANG_CXX_LANGUAGE_STANDARD = "gnu++0x";
				CLANG_CXX_LIBRARY = "libc++";
				CLANG_ENABLE_MODULES = YES;
				CLANG_ENABLE_OBJC_ARC = YES;
				CLANG_WARN_BOOL_CONVERSION = YES;
				CLANG_WARN_CONSTANT_CONVERSION = YES;
				CLANG_WARN_DIRECT_OBJC_ISA_USAGE = YES_ERROR;
				CLANG_WARN_DOCUMENTATION_COMMENTS = YES;
				CLANG_WARN_EMPTY_BODY = YES;
				CLANG_WARN_ENUM_CONVERSION = YES;
				CLANG_WARN_INFINITE_RECURSION = YES;
				CLANG_WARN_INT_CONVERSION = YES;
				CLANG_WARN_OBJC_ROOT_CLASS = YES_ERROR;
				CLANG_WARN_SUSPICIOUS_MOVE = YES;
				CLANG_WARN_UNREACHABLE_CODE = YES;
				CLANG_WARN__DUPLICATE_METHOD_MATCH = YES;
				"CODE_SIGN_IDENTITY[sdk=iphoneos*]" = "iPhone Developer";
				COPY_PHASE_STRIP = NO;
				DEBUG_INFORMATION_FORMAT = "dwarf-with-dsym";
				ENABLE_NS_ASSERTIONS = NO;
				ENABLE_STRICT_OBJC_MSGSEND = YES;
				GCC_C_LANGUAGE_STANDARD = gnu99;
				GCC_NO_COMMON_BLOCKS = YES;
				GCC_WARN_64_TO_32_BIT_CONVERSION = YES;
				GCC_WARN_ABOUT_RETURN_TYPE = YES_ERROR;
				GCC_WARN_UNDECLARED_SELECTOR = YES;
				GCC_WARN_UNINITIALIZED_AUTOS = YES_AGGRESSIVE;
				GCC_WARN_UNUSED_FUNCTION = YES;
				GCC_WARN_UNUSED_VARIABLE = YES;
				IPHONEOS_DEPLOYMENT_TARGET = 10.2;
				MTL_ENABLE_DEBUG_INFO = NO;
				SDKROOT = iphoneos;
				SWIFT_OPTIMIZATION_LEVEL = "-Owholemodule";
				VALIDATE_PRODUCT = YES;
			};
			name = Release;
		};
		87AF2F0B1EBC389200B57118 /* Debug */ = {
			isa = XCBuildConfiguration;
			buildSettings = {
				ASSETCATALOG_COMPILER_APPICON_NAME = AppIcon;
				INFOPLIST_FILE = autoLayout2/Info.plist;
				LD_RUNPATH_SEARCH_PATHS = "$(inherited) @executable_path/Frameworks";
				PRODUCT_BUNDLE_IDENTIFIER = com.codekul.autoLayout2;
				PRODUCT_NAME = "$(TARGET_NAME)";
				SWIFT_VERSION = 3.0;
			};
			name = Debug;
		};
		87AF2F0C1EBC389200B57118 /* Release */ = {
			isa = XCBuildConfiguration;
			buildSettings = {
				ASSETCATALOG_COMPILER_APPICON_NAME = AppIcon;
				INFOPLIST_FILE = autoLayout2/Info.plist;
				LD_RUNPATH_SEARCH_PATHS = "$(inherited) @executable_path/Frameworks";
				PRODUCT_BUNDLE_IDENTIFIER = com.codekul.autoLayout2;
				PRODUCT_NAME = "$(TARGET_NAME)";
				SWIFT_VERSION = 3.0;
			};
			name = Release;
		};
/* End XCBuildConfiguration section */

/* Begin XCConfigurationList section */
		87AF2EF31EBC389200B57118 /* Build configuration list for PBXProject "autoLayout2" */ = {
			isa = XCConfigurationList;
			buildConfigurations = (
				87AF2F081EBC389200B57118 /* Debug */,
				87AF2F091EBC389200B57118 /* Release */,
			);
			defaultConfigurationIsVisible = 0;
			defaultConfigurationName = Release;
		};
		87AF2F0A1EBC389200B57118 /* Build configuration list for PBXNativeTarget "autoLayout2" */ = {
			isa = XCConfigurationList;
			buildConfigurations = (
				87AF2F0B1EBC389200B57118 /* Debug */,
				87AF2F0C1EBC389200B57118 /* Release */,
			);
			defaultConfigurationIsVisible = 0;
		};
/* End XCConfigurationList section */
	};
	rootObject = 87AF2EF01EBC389200B57118 /* Project object */;
}
