// !$*UTF8*$!
{
	archiveVersion = 1;
	classes = {
	};
	objectVersion = 46;
	objects = {

/* Begin PBXBuildFile section */
		87AFDDCE1EA71ACE0013EB65 /* AppDelegate.swift in Sources */ = {isa = PBXBuildFile; fileRef = 87AFDDCD1EA71ACE0013EB65 /* AppDelegate.swift */; };
		87AFDDD01EA71ACE0013EB65 /* ViewController.swift in Sources */ = {isa = PBXBuildFile; fileRef = 87AFDDCF1EA71ACE0013EB65 /* ViewController.swift */; };
		87AFDDD31EA71ACE0013EB65 /* Main.storyboard in Resources */ = {isa = PBXBuildFile; fileRef = 87AFDDD11EA71ACE0013EB65 /* Main.storyboard */; };
		87AFDDD51EA71ACE0013EB65 /* Assets.xcassets in Resources */ = {isa = PBXBuildFile; fileRef = 87AFDDD41EA71ACE0013EB65 /* Assets.xcassets */; };
		87AFDDD81EA71ACE0013EB65 /* LaunchScreen.storyboard in Resources */ = {isa = PBXBuildFile; fileRef = 87AFDDD61EA71ACE0013EB65 /* LaunchScreen.storyboard */; };
/* End PBXBuildFile section */

/* Begin PBXFileReference section */
		87AFDDCA1EA71ACE0013EB65 /* pickerView.app */ = {isa = PBXFileReference; explicitFileType = wrapper.application; includeInIndex = 0; path = pickerView.app; sourceTree = BUILT_PRODUCTS_DIR; };
		87AFDDCD1EA71ACE0013EB65 /* AppDelegate.swift */ = {isa = PBXFileReference; lastKnownFileType = sourcecode.swift; path = AppDelegate.swift; sourceTree = "<group>"; };
		87AFDDCF1EA71ACE0013EB65 /* ViewController.swift */ = {isa = PBXFileReference; lastKnownFileType = sourcecode.swift; path = ViewController.swift; sourceTree = "<group>"; };
		87AFDDD21EA71ACE0013EB65 /* Base */ = {isa = PBXFileReference; lastKnownFileType = file.storyboard; name = Base; path = Base.lproj/Main.storyboard; sourceTree = "<group>"; };
		87AFDDD41EA71ACE0013EB65 /* Assets.xcassets */ = {isa = PBXFileReference; lastKnownFileType = folder.assetcatalog; path = Assets.xcassets; sourceTree = "<group>"; };
		87AFDDD71EA71ACE0013EB65 /* Base */ = {isa = PBXFileReference; lastKnownFileType = file.storyboard; name = Base; path = Base.lproj/LaunchScreen.storyboard; sourceTree = "<group>"; };
		87AFDDD91EA71ACE0013EB65 /* Info.plist */ = {isa = PBXFileReference; lastKnownFileType = text.plist.xml; path = Info.plist; sourceTree = "<group>"; };
/* End PBXFileReference section */

/* Begin PBXFrameworksBuildPhase section */
		87AFDDC71EA71ACE0013EB65 /* Frameworks */ = {
			isa = PBXFrameworksBuildPhase;
			buildActionMask = 2147483647;
			files = (
			);
			runOnlyForDeploymentPostprocessing = 0;
		};
/* End PBXFrameworksBuildPhase section */

/* Begin PBXGroup section */
		87AFDDC11EA71ACE0013EB65 = {
			isa = PBXGroup;
			children = (
				87AFDDCC1EA71ACE0013EB65 /* pickerView */,
				87AFDDCB1EA71ACE0013EB65 /* Products */,
			);
			sourceTree = "<group>";
		};
		87AFDDCB1EA71ACE0013EB65 /* Products */ = {
			isa = PBXGroup;
			children = (
				87AFDDCA1EA71ACE0013EB65 /* pickerView.app */,
			);
			name = Products;
			sourceTree = "<group>";
		};
		87AFDDCC1EA71ACE0013EB65 /* pickerView */ = {
			isa = PBXGroup;
			children = (
				87AFDDCD1EA71ACE0013EB65 /* AppDelegate.swift */,
				87AFDDCF1EA71ACE0013EB65 /* ViewController.swift */,
				87AFDDD11EA71ACE0013EB65 /* Main.storyboard */,
				87AFDDD41EA71ACE0013EB65 /* Assets.xcassets */,
				87AFDDD61EA71ACE0013EB65 /* LaunchScreen.storyboard */,
				87AFDDD91EA71ACE0013EB65 /* Info.plist */,
			);
			path = pickerView;
			sourceTree = "<group>";
		};
/* End PBXGroup section */

/* Begin PBXNativeTarget section */
		87AFDDC91EA71ACE0013EB65 /* pickerView */ = {
			isa = PBXNativeTarget;
			buildConfigurationList = 87AFDDDC1EA71ACE0013EB65 /* Build configuration list for PBXNativeTarget "pickerView" */;
			buildPhases = (
				87AFDDC61EA71ACE0013EB65 /* Sources */,
				87AFDDC71EA71ACE0013EB65 /* Frameworks */,
				87AFDDC81EA71ACE0013EB65 /* Resources */,
			);
			buildRules = (
			);
			dependencies = (
			);
			name = pickerView;
			productName = pickerView;
			productReference = 87AFDDCA1EA71ACE0013EB65 /* pickerView.app */;
			productType = "com.apple.product-type.application";
		};
/* End PBXNativeTarget section */

/* Begin PBXProject section */
		87AFDDC21EA71ACE0013EB65 /* Project object */ = {
			isa = PBXProject;
			attributes = {
				LastSwiftUpdateCheck = 0820;
				LastUpgradeCheck = 0820;
				ORGANIZATIONNAME = CodeKul;
				TargetAttributes = {
					87AFDDC91EA71ACE0013EB65 = {
						CreatedOnToolsVersion = 8.2.1;
						ProvisioningStyle = Automatic;
					};
				};
			};
			buildConfigurationList = 87AFDDC51EA71ACE0013EB65 /* Build configuration list for PBXProject "pickerView" */;
			compatibilityVersion = "Xcode 3.2";
			developmentRegion = English;
			hasScannedForEncodings = 0;
			knownRegions = (
				en,
				Base,
			);
			mainGroup = 87AFDDC11EA71ACE0013EB65;
			productRefGroup = 87AFDDCB1EA71ACE0013EB65 /* Products */;
			projectDirPath = "";
			projectRoot = "";
			targets = (
				87AFDDC91EA71ACE0013EB65 /* pickerView */,
			);
		};
/* End PBXProject section */

/* Begin PBXResourcesBuildPhase section */
		87AFDDC81EA71ACE0013EB65 /* Resources */ = {
			isa = PBXResourcesBuildPhase;
			buildActionMask = 2147483647;
			files = (
				87AFDDD81EA71ACE0013EB65 /* LaunchScreen.storyboard in Resources */,
				87AFDDD51EA71ACE0013EB65 /* Assets.xcassets in Resources */,
				87AFDDD31EA71ACE0013EB65 /* Main.storyboard in Resources */,
			);
			runOnlyForDeploymentPostprocessing = 0;
		};
/* End PBXResourcesBuildPhase section */

/* Begin PBXSourcesBuildPhase section */
		87AFDDC61EA71ACE0013EB65 /* Sources */ = {
			isa = PBXSourcesBuildPhase;
			buildActionMask = 2147483647;
			files = (
				87AFDDD01EA71ACE0013EB65 /* ViewController.swift in Sources */,
				87AFDDCE1EA71ACE0013EB65 /* AppDelegate.swift in Sources */,
			);
			runOnlyForDeploymentPostprocessing = 0;
		};
/* End PBXSourcesBuildPhase section */

/* Begin PBXVariantGroup section */
		87AFDDD11EA71ACE0013EB65 /* Main.storyboard */ = {
			isa = PBXVariantGroup;
			children = (
				87AFDDD21EA71ACE0013EB65 /* Base */,
			);
			name = Main.storyboard;
			sourceTree = "<group>";
		};
		87AFDDD61EA71ACE0013EB65 /* LaunchScreen.storyboard */ = {
			isa = PBXVariantGroup;
			children = (
				87AFDDD71EA71ACE0013EB65 /* Base */,
			);
			name = LaunchScreen.storyboard;
			sourceTree = "<group>";
		};
/* End PBXVariantGroup section */

/* Begin XCBuildConfiguration section */
		87AFDDDA1EA71ACE0013EB65 /* Debug */ = {
			isa = XCBuildConfiguration;
			buildSettings = {
				ALWAYS_SEARCH_USER_PATHS = NO;
				CLANG_ANALYZER_NONNULL = YES;
				CLANG_CXX_LANGUAGE_STANDARD = "gnu++0x";
				CLANG_CXX_LIBRARY = "libc++";
				CLANG_ENABLE_MODULES = YES;
				CLANG_ENABLE_OBJC_ARC = YES;
				CLANG_WARN_BOOL_CONVERSION = YES;
				CLANG_WARN_CONSTANT_CONVERSION = YES;
				CLANG_WARN_DIRECT_OBJC_ISA_USAGE = YES_ERROR;
				CLANG_WARN_DOCUMENTATION_COMMENTS = YES;
				CLANG_WARN_EMPTY_BODY = YES;
				CLANG_WARN_ENUM_CONVERSION = YES;
				CLANG_WARN_INFINITE_RECURSION = YES;
				CLANG_WARN_INT_CONVERSION = YES;
				CLANG_WARN_OBJC_ROOT_CLASS = YES_ERROR;
				CLANG_WARN_SUSPICIOUS_MOVE = YES;
				CLANG_WARN_UNREACHABLE_CODE = YES;
				CLANG_WARN__DUPLICATE_METHOD_MATCH = YES;
				"CODE_SIGN_IDENTITY[sdk=iphoneos*]" = "iPhone Developer";
				COPY_PHASE_STRIP = NO;
				DEBUG_INFORMATION_FORMAT = dwarf;
				ENABLE_STRICT_OBJC_MSGSEND = YES;
				ENABLE_TESTABILITY = YES;
				GCC_C_LANGUAGE_STANDARD = gnu99;
				GCC_DYNAMIC_NO_PIC = NO;
				GCC_NO_COMMON_BLOCKS = YES;
				GCC_OPTIMIZATION_LEVEL = 0;
				GCC_PREPROCESSOR_DEFINITIONS = (
					"DEBUG=1",
					"$(inherited)",
				);
				GCC_WARN_64_TO_32_BIT_CONVERSION = YES;
				GCC_WARN_ABOUT_RETURN_TYPE = YES_ERROR;
				GCC_WARN_UNDECLARED_SELECTOR = YES;
				GCC_WARN_UNINITIALIZED_AUTOS = YES_AGGRESSIVE;
				GCC_WARN_UNUSED_FUNCTION = YES;
				GCC_WARN_UNUSED_VARIABLE = YES;
				IPHONEOS_DEPLOYMENT_TARGET = 10.2;
				MTL_ENABLE_DEBUG_INFO = YES;
				ONLY_ACTIVE_ARCH = YES;
				SDKROOT = iphoneos;
				SWIFT_ACTIVE_COMPILATION_CONDITIONS = DEBUG;
				SWIFT_OPTIMIZATION_LEVEL = "-Onone";
			};
			name = Debug;
		};
		87AFDDDB1EA71ACE0013EB65 /* Release */ = {
			isa = XCBuildConfiguration;
			buildSettings = {
				ALWAYS_SEARCH_USER_PATHS = NO;
				CLANG_ANALYZER_NONNULL = YES;
				CLANG_CXX_LANGUAGE_STANDARD = "gnu++0x";
				CLANG_CXX_LIBRARY = "libc++";
				CLANG_ENABLE_MODULES = YES;
				CLANG_ENABLE_OBJC_ARC = YES;
				CLANG_WARN_BOOL_CONVERSION = YES;
				CLANG_WARN_CONSTANT_CONVERSION = YES;
				CLANG_WARN_DIRECT_OBJC_ISA_USAGE = YES_ERROR;
				CLANG_WARN_DOCUMENTATION_COMMENTS = YES;
				CLANG_WARN_EMPTY_BODY = YES;
				CLANG_WARN_ENUM_CONVERSION = YES;
				CLANG_WARN_INFINITE_RECURSION = YES;
				CLANG_WARN_INT_CONVERSION = YES;
				CLANG_WARN_OBJC_ROOT_CLASS = YES_ERROR;
				CLANG_WARN_SUSPICIOUS_MOVE = YES;
				CLANG_WARN_UNREACHABLE_CODE = YES;
				CLANG_WARN__DUPLICATE_METHOD_MATCH = YES;
				"CODE_SIGN_IDENTITY[sdk=iphoneos*]" = "iPhone Developer";
				COPY_PHASE_STRIP = NO;
				DEBUG_INFORMATION_FORMAT = "dwarf-with-dsym";
				ENABLE_NS_ASSERTIONS = NO;
				ENABLE_STRICT_OBJC_MSGSEND = YES;
				GCC_C_LANGUAGE_STANDARD = gnu99;
				GCC_NO_COMMON_BLOCKS = YES;
				GCC_WARN_64_TO_32_BIT_CONVERSION = YES;
				GCC_WARN_ABOUT_RETURN_TYPE = YES_ERROR;
				GCC_WARN_UNDECLARED_SELECTOR = YES;
				GCC_WARN_UNINITIALIZED_AUTOS = YES_AGGRESSIVE;
				GCC_WARN_UNUSED_FUNCTION = YES;
				GCC_WARN_UNUSED_VARIABLE = YES;
				IPHONEOS_DEPLOYMENT_TARGET = 10.2;
				MTL_ENABLE_DEBUG_INFO = NO;
				SDKROOT = iphoneos;
				SWIFT_OPTIMIZATION_LEVEL = "-Owholemodule";
				VALIDATE_PRODUCT = YES;
			};
			name = Release;
		};
		87AFDDDD1EA71ACE0013EB65 /* Debug */ = {
			isa = XCBuildConfiguration;
			buildSettings = {
				ASSETCATALOG_COMPILER_APPICON_NAME = AppIcon;
				INFOPLIST_FILE = pickerView/Info.plist;
				LD_RUNPATH_SEARCH_PATHS = "$(inherited) @executable_path/Frameworks";
				PRODUCT_BUNDLE_IDENTIFIER = com.codekul.pickerView;
				PRODUCT_NAME = "$(TARGET_NAME)";
				SWIFT_VERSION = 3.0;
			};
			name = Debug;
		};
		87AFDDDE1EA71ACE0013EB65 /* Release */ = {
			isa = XCBuildConfiguration;
			buildSettings = {
				ASSETCATALOG_COMPILER_APPICON_NAME = AppIcon;
				INFOPLIST_FILE = pickerView/Info.plist;
				LD_RUNPATH_SEARCH_PATHS = "$(inherited) @executable_path/Frameworks";
				PRODUCT_BUNDLE_IDENTIFIER = com.codekul.pickerView;
				PRODUCT_NAME = "$(TARGET_NAME)";
				SWIFT_VERSION = 3.0;
			};
			name = Release;
		};
/* End XCBuildConfiguration section */

/* Begin XCConfigurationList section */
		87AFDDC51EA71ACE0013EB65 /* Build configuration list for PBXProject "pickerView" */ = {
			isa = XCConfigurationList;
			buildConfigurations = (
				87AFDDDA1EA71ACE0013EB65 /* Debug */,
				87AFDDDB1EA71ACE0013EB65 /* Release */,
			);
			defaultConfigurationIsVisible = 0;
			defaultConfigurationName = Release;
		};
		87AFDDDC1EA71ACE0013EB65 /* Build configuration list for PBXNativeTarget "pickerView" */ = {
			isa = XCConfigurationList;
			buildConfigurations = (
				87AFDDDD1EA71ACE0013EB65 /* Debug */,
				87AFDDDE1EA71ACE0013EB65 /* Release */,
			);
			defaultConfigurationIsVisible = 0;
		};
/* End XCConfigurationList section */
	};
	rootObject = 87AFDDC21EA71ACE0013EB65 /* Project object */;
}
