// !$*UTF8*$!
{
	archiveVersion = 1;
	classes = {
	};
	objectVersion = 46;
	objects = {

/* Begin PBXBuildFile section */
		87AD27171EC17F020074BF4A /* AppDelegate.swift in Sources */ = {isa = PBXBuildFile; fileRef = 87AD27161EC17F020074BF4A /* AppDelegate.swift */; };
		87AD27191EC17F020074BF4A /* ViewController.swift in Sources */ = {isa = PBXBuildFile; fileRef = 87AD27181EC17F020074BF4A /* ViewController.swift */; };
		87AD271C1EC17F020074BF4A /* Main.storyboard in Resources */ = {isa = PBXBuildFile; fileRef = 87AD271A1EC17F020074BF4A /* Main.storyboard */; };
		87AD271E1EC17F020074BF4A /* Assets.xcassets in Resources */ = {isa = PBXBuildFile; fileRef = 87AD271D1EC17F020074BF4A /* Assets.xcassets */; };
		87AD27211EC17F020074BF4A /* LaunchScreen.storyboard in Resources */ = {isa = PBXBuildFile; fileRef = 87AD271F1EC17F020074BF4A /* LaunchScreen.storyboard */; };
/* End PBXBuildFile section */

/* Begin PBXFileReference section */
		87AD27131EC17F020074BF4A /* layoutDemoWithMenubar.app */ = {isa = PBXFileReference; explicitFileType = wrapper.application; includeInIndex = 0; path = layoutDemoWithMenubar.app; sourceTree = BUILT_PRODUCTS_DIR; };
		87AD27161EC17F020074BF4A /* AppDelegate.swift */ = {isa = PBXFileReference; lastKnownFileType = sourcecode.swift; path = AppDelegate.swift; sourceTree = "<group>"; };
		87AD27181EC17F020074BF4A /* ViewController.swift */ = {isa = PBXFileReference; lastKnownFileType = sourcecode.swift; path = ViewController.swift; sourceTree = "<group>"; };
		87AD271B1EC17F020074BF4A /* Base */ = {isa = PBXFileReference; lastKnownFileType = file.storyboard; name = Base; path = Base.lproj/Main.storyboard; sourceTree = "<group>"; };
		87AD271D1EC17F020074BF4A /* Assets.xcassets */ = {isa = PBXFileReference; lastKnownFileType = folder.assetcatalog; path = Assets.xcassets; sourceTree = "<group>"; };
		87AD27201EC17F020074BF4A /* Base */ = {isa = PBXFileReference; lastKnownFileType = file.storyboard; name = Base; path = Base.lproj/LaunchScreen.storyboard; sourceTree = "<group>"; };
		87AD27221EC17F020074BF4A /* Info.plist */ = {isa = PBXFileReference; lastKnownFileType = text.plist.xml; path = Info.plist; sourceTree = "<group>"; };
/* End PBXFileReference section */

/* Begin PBXFrameworksBuildPhase section */
		87AD27101EC17F020074BF4A /* Frameworks */ = {
			isa = PBXFrameworksBuildPhase;
			buildActionMask = 2147483647;
			files = (
			);
			runOnlyForDeploymentPostprocessing = 0;
		};
/* End PBXFrameworksBuildPhase section */

/* Begin PBXGroup section */
		87AD270A1EC17F020074BF4A = {
			isa = PBXGroup;
			children = (
				87AD27151EC17F020074BF4A /* layoutDemoWithMenubar */,
				87AD27141EC17F020074BF4A /* Products */,
			);
			sourceTree = "<group>";
		};
		87AD27141EC17F020074BF4A /* Products */ = {
			isa = PBXGroup;
			children = (
				87AD27131EC17F020074BF4A /* layoutDemoWithMenubar.app */,
			);
			name = Products;
			sourceTree = "<group>";
		};
		87AD27151EC17F020074BF4A /* layoutDemoWithMenubar */ = {
			isa = PBXGroup;
			children = (
				87AD27161EC17F020074BF4A /* AppDelegate.swift */,
				87AD27181EC17F020074BF4A /* ViewController.swift */,
				87AD271A1EC17F020074BF4A /* Main.storyboard */,
				87AD271D1EC17F020074BF4A /* Assets.xcassets */,
				87AD271F1EC17F020074BF4A /* LaunchScreen.storyboard */,
				87AD27221EC17F020074BF4A /* Info.plist */,
			);
			path = layoutDemoWithMenubar;
			sourceTree = "<group>";
		};
/* End PBXGroup section */

/* Begin PBXNativeTarget section */
		87AD27121EC17F020074BF4A /* layoutDemoWithMenubar */ = {
			isa = PBXNativeTarget;
			buildConfigurationList = 87AD27251EC17F020074BF4A /* Build configuration list for PBXNativeTarget "layoutDemoWithMenubar" */;
			buildPhases = (
				87AD270F1EC17F020074BF4A /* Sources */,
				87AD27101EC17F020074BF4A /* Frameworks */,
				87AD27111EC17F020074BF4A /* Resources */,
			);
			buildRules = (
			);
			dependencies = (
			);
			name = layoutDemoWithMenubar;
			productName = layoutDemoWithMenubar;
			productReference = 87AD27131EC17F020074BF4A /* layoutDemoWithMenubar.app */;
			productType = "com.apple.product-type.application";
		};
/* End PBXNativeTarget section */

/* Begin PBXProject section */
		87AD270B1EC17F020074BF4A /* Project object */ = {
			isa = PBXProject;
			attributes = {
				LastSwiftUpdateCheck = 0820;
				LastUpgradeCheck = 0820;
				ORGANIZATIONNAME = CodeKul;
				TargetAttributes = {
					87AD27121EC17F020074BF4A = {
						CreatedOnToolsVersion = 8.2.1;
						ProvisioningStyle = Automatic;
					};
				};
			};
			buildConfigurationList = 87AD270E1EC17F020074BF4A /* Build configuration list for PBXProject "layoutDemoWithMenubar" */;
			compatibilityVersion = "Xcode 3.2";
			developmentRegion = English;
			hasScannedForEncodings = 0;
			knownRegions = (
				en,
				Base,
			);
			mainGroup = 87AD270A1EC17F020074BF4A;
			productRefGroup = 87AD27141EC17F020074BF4A /* Products */;
			projectDirPath = "";
			projectRoot = "";
			targets = (
				87AD27121EC17F020074BF4A /* layoutDemoWithMenubar */,
			);
		};
/* End PBXProject section */

/* Begin PBXResourcesBuildPhase section */
		87AD27111EC17F020074BF4A /* Resources */ = {
			isa = PBXResourcesBuildPhase;
			buildActionMask = 2147483647;
			files = (
				87AD27211EC17F020074BF4A /* LaunchScreen.storyboard in Resources */,
				87AD271E1EC17F020074BF4A /* Assets.xcassets in Resources */,
				87AD271C1EC17F020074BF4A /* Main.storyboard in Resources */,
			);
			runOnlyForDeploymentPostprocessing = 0;
		};
/* End PBXResourcesBuildPhase section */

/* Begin PBXSourcesBuildPhase section */
		87AD270F1EC17F020074BF4A /* Sources */ = {
			isa = PBXSourcesBuildPhase;
			buildActionMask = 2147483647;
			files = (
				87AD27191EC17F020074BF4A /* ViewController.swift in Sources */,
				87AD27171EC17F020074BF4A /* AppDelegate.swift in Sources */,
			);
			runOnlyForDeploymentPostprocessing = 0;
		};
/* End PBXSourcesBuildPhase section */

/* Begin PBXVariantGroup section */
		87AD271A1EC17F020074BF4A /* Main.storyboard */ = {
			isa = PBXVariantGroup;
			children = (
				87AD271B1EC17F020074BF4A /* Base */,
			);
			name = Main.storyboard;
			sourceTree = "<group>";
		};
		87AD271F1EC17F020074BF4A /* LaunchScreen.storyboard */ = {
			isa = PBXVariantGroup;
			children = (
				87AD27201EC17F020074BF4A /* Base */,
			);
			name = LaunchScreen.storyboard;
			sourceTree = "<group>";
		};
/* End PBXVariantGroup section */

/* Begin XCBuildConfiguration section */
		87AD27231EC17F020074BF4A /* Debug */ = {
			isa = XCBuildConfiguration;
			buildSettings = {
				ALWAYS_SEARCH_USER_PATHS = NO;
				CLANG_ANALYZER_NONNULL = YES;
				CLANG_CXX_LANGUAGE_STANDARD = "gnu++0x";
				CLANG_CXX_LIBRARY = "libc++";
				CLANG_ENABLE_MODULES = YES;
				CLANG_ENABLE_OBJC_ARC = YES;
				CLANG_WARN_BOOL_CONVERSION = YES;
				CLANG_WARN_CONSTANT_CONVERSION = YES;
				CLANG_WARN_DIRECT_OBJC_ISA_USAGE = YES_ERROR;
				CLANG_WARN_DOCUMENTATION_COMMENTS = YES;
				CLANG_WARN_EMPTY_BODY = YES;
				CLANG_WARN_ENUM_CONVERSION = YES;
				CLANG_WARN_INFINITE_RECURSION = YES;
				CLANG_WARN_INT_CONVERSION = YES;
				CLANG_WARN_OBJC_ROOT_CLASS = YES_ERROR;
				CLANG_WARN_SUSPICIOUS_MOVE = YES;
				CLANG_WARN_UNREACHABLE_CODE = YES;
				CLANG_WARN__DUPLICATE_METHOD_MATCH = YES;
				"CODE_SIGN_IDENTITY[sdk=iphoneos*]" = "iPhone Developer";
				COPY_PHASE_STRIP = NO;
				DEBUG_INFORMATION_FORMAT = dwarf;
				ENABLE_STRICT_OBJC_MSGSEND = YES;
				ENABLE_TESTABILITY = YES;
				GCC_C_LANGUAGE_STANDARD = gnu99;
				GCC_DYNAMIC_NO_PIC = NO;
				GCC_NO_COMMON_BLOCKS = YES;
				GCC_OPTIMIZATION_LEVEL = 0;
				GCC_PREPROCESSOR_DEFINITIONS = (
					"DEBUG=1",
					"$(inherited)",
				);
				GCC_WARN_64_TO_32_BIT_CONVERSION = YES;
				GCC_WARN_ABOUT_RETURN_TYPE = YES_ERROR;
				GCC_WARN_UNDECLARED_SELECTOR = YES;
				GCC_WARN_UNINITIALIZED_AUTOS = YES_AGGRESSIVE;
				GCC_WARN_UNUSED_FUNCTION = YES;
				GCC_WARN_UNUSED_VARIABLE = YES;
				IPHONEOS_DEPLOYMENT_TARGET = 10.2;
				MTL_ENABLE_DEBUG_INFO = YES;
				ONLY_ACTIVE_ARCH = YES;
				SDKROOT = iphoneos;
				SWIFT_ACTIVE_COMPILATION_CONDITIONS = DEBUG;
				SWIFT_OPTIMIZATION_LEVEL = "-Onone";
			};
			name = Debug;
		};
		87AD27241EC17F020074BF4A /* Release */ = {
			isa = XCBuildConfiguration;
			buildSettings = {
				ALWAYS_SEARCH_USER_PATHS = NO;
				CLANG_ANALYZER_NONNULL = YES;
				CLANG_CXX_LANGUAGE_STANDARD = "gnu++0x";
				CLANG_CXX_LIBRARY = "libc++";
				CLANG_ENABLE_MODULES = YES;
				CLANG_ENABLE_OBJC_ARC = YES;
				CLANG_WARN_BOOL_CONVERSION = YES;
				CLANG_WARN_CONSTANT_CONVERSION = YES;
				CLANG_WARN_DIRECT_OBJC_ISA_USAGE = YES_ERROR;
				CLANG_WARN_DOCUMENTATION_COMMENTS = YES;
				CLANG_WARN_EMPTY_BODY = YES;
				CLANG_WARN_ENUM_CONVERSION = YES;
				CLANG_WARN_INFINITE_RECURSION = YES;
				CLANG_WARN_INT_CONVERSION = YES;
				CLANG_WARN_OBJC_ROOT_CLASS = YES_ERROR;
				CLANG_WARN_SUSPICIOUS_MOVE = YES;
				CLANG_WARN_UNREACHABLE_CODE = YES;
				CLANG_WARN__DUPLICATE_METHOD_MATCH = YES;
				"CODE_SIGN_IDENTITY[sdk=iphoneos*]" = "iPhone Developer";
				COPY_PHASE_STRIP = NO;
				DEBUG_INFORMATION_FORMAT = "dwarf-with-dsym";
				ENABLE_NS_ASSERTIONS = NO;
				ENABLE_STRICT_OBJC_MSGSEND = YES;
				GCC_C_LANGUAGE_STANDARD = gnu99;
				GCC_NO_COMMON_BLOCKS = YES;
				GCC_WARN_64_TO_32_BIT_CONVERSION = YES;
				GCC_WARN_ABOUT_RETURN_TYPE = YES_ERROR;
				GCC_WARN_UNDECLARED_SELECTOR = YES;
				GCC_WARN_UNINITIALIZED_AUTOS = YES_AGGRESSIVE;
				GCC_WARN_UNUSED_FUNCTION = YES;
				GCC_WARN_UNUSED_VARIABLE = YES;
				IPHONEOS_DEPLOYMENT_TARGET = 10.2;
				MTL_ENABLE_DEBUG_INFO = NO;
				SDKROOT = iphoneos;
				SWIFT_OPTIMIZATION_LEVEL = "-Owholemodule";
				VALIDATE_PRODUCT = YES;
			};
			name = Release;
		};
		87AD27261EC17F020074BF4A /* Debug */ = {
			isa = XCBuildConfiguration;
			buildSettings = {
				ASSETCATALOG_COMPILER_APPICON_NAME = AppIcon;
				INFOPLIST_FILE = layoutDemoWithMenubar/Info.plist;
				LD_RUNPATH_SEARCH_PATHS = "$(inherited) @executable_path/Frameworks";
				PRODUCT_BUNDLE_IDENTIFIER = com.codekul.layoutDemoWithMenubar;
				PRODUCT_NAME = "$(TARGET_NAME)";
				SWIFT_VERSION = 3.0;
			};
			name = Debug;
		};
		87AD27271EC17F020074BF4A /* Release */ = {
			isa = XCBuildConfiguration;
			buildSettings = {
				ASSETCATALOG_COMPILER_APPICON_NAME = AppIcon;
				INFOPLIST_FILE = layoutDemoWithMenubar/Info.plist;
				LD_RUNPATH_SEARCH_PATHS = "$(inherited) @executable_path/Frameworks";
				PRODUCT_BUNDLE_IDENTIFIER = com.codekul.layoutDemoWithMenubar;
				PRODUCT_NAME = "$(TARGET_NAME)";
				SWIFT_VERSION = 3.0;
			};
			name = Release;
		};
/* End XCBuildConfiguration section */

/* Begin XCConfigurationList section */
		87AD270E1EC17F020074BF4A /* Build configuration list for PBXProject "layoutDemoWithMenubar" */ = {
			isa = XCConfigurationList;
			buildConfigurations = (
				87AD27231EC17F020074BF4A /* Debug */,
				87AD27241EC17F020074BF4A /* Release */,
			);
			defaultConfigurationIsVisible = 0;
			defaultConfigurationName = Release;
		};
		87AD27251EC17F020074BF4A /* Build configuration list for PBXNativeTarget "layoutDemoWithMenubar" */ = {
			isa = XCConfigurationList;
			buildConfigurations = (
				87AD27261EC17F020074BF4A /* Debug */,
				87AD27271EC17F020074BF4A /* Release */,
			);
			defaultConfigurationIsVisible = 0;
		};
/* End XCConfigurationList section */
	};
	rootObject = 87AD270B1EC17F020074BF4A /* Project object */;
}
